
Microsoft Visual Studio Solution File, Format Version 12.00
# Visual Studio Version 17
VisualStudioVersion = 17.0.31903.59
MinimumVisualStudioVersion = 10.0.40219.1
Project("{FAE04EC0-301F-11D3-BF4B-00C04F79EFBC}") = "ErgoX.VecraX.ML.NLP.Tokenizers.Tests", "tests\ErgoX.VecraX.ML.NLP.Tokenizers.Tests\ErgoX.VecraX.ML.NLP.Tokenizers.Tests.csproj", "{73D2303D-0C38-447F-AFE1-F2D9FBE28805}"
EndProject
Project("{2150E333-8FDC-42A3-9474-1A3956D46DE8}") = "src", "src", "{827E0CD3-B72D-47B6-A68D-7590B98EB39B}"
EndProject
Project("{2150E333-8FDC-42A3-9474-1A3956D46DE8}") = "Common", "Common", "{BFF2DF6E-AA54-47C7-211F-79ACCBB4577C}"
EndProject
Project("{FAE04EC0-301F-11D3-BF4B-00C04F79EFBC}") = "ErgoX.VecraX.ML.NLP.Tokenizers.Common", "src\Common\ErgoX.VecraX.ML.NLP.Tokenizers.Common.csproj", "{77F80860-861B-4CB0-B8BD-E9C6663E2D21}"
EndProject
Project("{2150E333-8FDC-42A3-9474-1A3956D46DE8}") = "Google", "Google", "{0B641500-E034-CE15-ECBC-B99F017F2DED}"
EndProject
Project("{2150E333-8FDC-42A3-9474-1A3956D46DE8}") = "SentencePiece", "SentencePiece", "{F676ABFC-95BF-2EAF-D88B-71FD1650A4A2}"
EndProject
Project("{FAE04EC0-301F-11D3-BF4B-00C04F79EFBC}") = "ErgoX.VecraX.ML.NLP.Tokenizers.Google.SentencePiece", "src\Google\SentencePiece\ErgoX.VecraX.ML.NLP.Tokenizers.Google.SentencePiece.csproj", "{203594CD-C495-4838-8FC6-A38BF94F3ED8}"
EndProject
Project("{2150E333-8FDC-42A3-9474-1A3956D46DE8}") = "HuggingFace", "HuggingFace", "{9DD91019-004B-F375-49D4-89BC0A91B59B}"
EndProject
Project("{FAE04EC0-301F-11D3-BF4B-00C04F79EFBC}") = "ErgoX.VecraX.ML.NLP.Tokenizers.HuggingFace", "src\HuggingFace\ErgoX.VecraX.ML.NLP.Tokenizers.HuggingFace.csproj", "{81B07085-2A0D-425E-AAC6-CD7E031F1534}"
EndProject
Project("{2150E333-8FDC-42A3-9474-1A3956D46DE8}") = "OpenAI", "OpenAI", "{06BC3EED-F0DE-590E-1F20-A27240068F06}"
EndProject
Project("{2150E333-8FDC-42A3-9474-1A3956D46DE8}") = "Tiktoken", "Tiktoken", "{3E4AF635-2379-466D-A908-D7F0F3B22049}"
EndProject
Project("{FAE04EC0-301F-11D3-BF4B-00C04F79EFBC}") = "ErgoX.VecraX.ML.NLP.Tokenizers.OpenAI.Tiktoken", "src\OpenAI\Tiktoken\ErgoX.VecraX.ML.NLP.Tokenizers.OpenAI.Tiktoken.csproj", "{443292D7-B8F7-42B1-BE68-E95D0C7A9728}"
EndProject
Global
	GlobalSection(SolutionConfigurationPlatforms) = preSolution
		Debug|Any CPU = Debug|Any CPU
		Debug|x64 = Debug|x64
		Debug|x86 = Debug|x86
		Release|Any CPU = Release|Any CPU
		Release|x64 = Release|x64
		Release|x86 = Release|x86
	EndGlobalSection
	GlobalSection(ProjectConfigurationPlatforms) = postSolution
		{73D2303D-0C38-447F-AFE1-F2D9FBE28805}.Debug|Any CPU.ActiveCfg = Debug|Any CPU
		{73D2303D-0C38-447F-AFE1-F2D9FBE28805}.Debug|Any CPU.Build.0 = Debug|Any CPU
		{73D2303D-0C38-447F-AFE1-F2D9FBE28805}.Debug|x64.ActiveCfg = Debug|Any CPU
		{73D2303D-0C38-447F-AFE1-F2D9FBE28805}.Debug|x64.Build.0 = Debug|Any CPU
		{73D2303D-0C38-447F-AFE1-F2D9FBE28805}.Debug|x86.ActiveCfg = Debug|Any CPU
		{73D2303D-0C38-447F-AFE1-F2D9FBE28805}.Debug|x86.Build.0 = Debug|Any CPU
		{73D2303D-0C38-447F-AFE1-F2D9FBE28805}.Release|Any CPU.ActiveCfg = Release|Any CPU
		{73D2303D-0C38-447F-AFE1-F2D9FBE28805}.Release|Any CPU.Build.0 = Release|Any CPU
		{73D2303D-0C38-447F-AFE1-F2D9FBE28805}.Release|x64.ActiveCfg = Release|Any CPU
		{73D2303D-0C38-447F-AFE1-F2D9FBE28805}.Release|x64.Build.0 = Release|Any CPU
		{73D2303D-0C38-447F-AFE1-F2D9FBE28805}.Release|x86.ActiveCfg = Release|Any CPU
		{73D2303D-0C38-447F-AFE1-F2D9FBE28805}.Release|x86.Build.0 = Release|Any CPU
		{77F80860-861B-4CB0-B8BD-E9C6663E2D21}.Debug|Any CPU.ActiveCfg = Debug|Any CPU
		{77F80860-861B-4CB0-B8BD-E9C6663E2D21}.Debug|Any CPU.Build.0 = Debug|Any CPU
		{77F80860-861B-4CB0-B8BD-E9C6663E2D21}.Debug|x64.ActiveCfg = Debug|Any CPU
		{77F80860-861B-4CB0-B8BD-E9C6663E2D21}.Debug|x64.Build.0 = Debug|Any CPU
		{77F80860-861B-4CB0-B8BD-E9C6663E2D21}.Debug|x86.ActiveCfg = Debug|Any CPU
		{77F80860-861B-4CB0-B8BD-E9C6663E2D21}.Debug|x86.Build.0 = Debug|Any CPU
		{77F80860-861B-4CB0-B8BD-E9C6663E2D21}.Release|Any CPU.ActiveCfg = Release|Any CPU
		{77F80860-861B-4CB0-B8BD-E9C6663E2D21}.Release|Any CPU.Build.0 = Release|Any CPU
		{77F80860-861B-4CB0-B8BD-E9C6663E2D21}.Release|x64.ActiveCfg = Release|Any CPU
		{77F80860-861B-4CB0-B8BD-E9C6663E2D21}.Release|x64.Build.0 = Release|Any CPU
		{77F80860-861B-4CB0-B8BD-E9C6663E2D21}.Release|x86.ActiveCfg = Release|Any CPU
		{77F80860-861B-4CB0-B8BD-E9C6663E2D21}.Release|x86.Build.0 = Release|Any CPU
		{203594CD-C495-4838-8FC6-A38BF94F3ED8}.Debug|Any CPU.ActiveCfg = Debug|Any CPU
		{203594CD-C495-4838-8FC6-A38BF94F3ED8}.Debug|Any CPU.Build.0 = Debug|Any CPU
		{203594CD-C495-4838-8FC6-A38BF94F3ED8}.Debug|x64.ActiveCfg = Debug|Any CPU
		{203594CD-C495-4838-8FC6-A38BF94F3ED8}.Debug|x64.Build.0 = Debug|Any CPU
		{203594CD-C495-4838-8FC6-A38BF94F3ED8}.Debug|x86.ActiveCfg = Debug|Any CPU
		{203594CD-C495-4838-8FC6-A38BF94F3ED8}.Debug|x86.Build.0 = Debug|Any CPU
		{203594CD-C495-4838-8FC6-A38BF94F3ED8}.Release|Any CPU.ActiveCfg = Release|Any CPU
		{203594CD-C495-4838-8FC6-A38BF94F3ED8}.Release|Any CPU.Build.0 = Release|Any CPU
		{203594CD-C495-4838-8FC6-A38BF94F3ED8}.Release|x64.ActiveCfg = Release|Any CPU
		{203594CD-C495-4838-8FC6-A38BF94F3ED8}.Release|x64.Build.0 = Release|Any CPU
		{203594CD-C495-4838-8FC6-A38BF94F3ED8}.Release|x86.ActiveCfg = Release|Any CPU
		{203594CD-C495-4838-8FC6-A38BF94F3ED8}.Release|x86.Build.0 = Release|Any CPU
		{81B07085-2A0D-425E-AAC6-CD7E031F1534}.Debug|Any CPU.ActiveCfg = Debug|Any CPU
		{81B07085-2A0D-425E-AAC6-CD7E031F1534}.Debug|Any CPU.Build.0 = Debug|Any CPU
		{81B07085-2A0D-425E-AAC6-CD7E031F1534}.Debug|x64.ActiveCfg = Debug|Any CPU
		{81B07085-2A0D-425E-AAC6-CD7E031F1534}.Debug|x64.Build.0 = Debug|Any CPU
		{81B07085-2A0D-425E-AAC6-CD7E031F1534}.Debug|x86.ActiveCfg = Debug|Any CPU
		{81B07085-2A0D-425E-AAC6-CD7E031F1534}.Debug|x86.Build.0 = Debug|Any CPU
		{81B07085-2A0D-425E-AAC6-CD7E031F1534}.Release|Any CPU.ActiveCfg = Release|Any CPU
		{81B07085-2A0D-425E-AAC6-CD7E031F1534}.Release|Any CPU.Build.0 = Release|Any CPU
		{81B07085-2A0D-425E-AAC6-CD7E031F1534}.Release|x64.ActiveCfg = Release|Any CPU
		{81B07085-2A0D-425E-AAC6-CD7E031F1534}.Release|x64.Build.0 = Release|Any CPU
		{81B07085-2A0D-425E-AAC6-CD7E031F1534}.Release|x86.ActiveCfg = Release|Any CPU
		{81B07085-2A0D-425E-AAC6-CD7E031F1534}.Release|x86.Build.0 = Release|Any CPU
		{443292D7-B8F7-42B1-BE68-E95D0C7A9728}.Debug|Any CPU.ActiveCfg = Debug|Any CPU
		{443292D7-B8F7-42B1-BE68-E95D0C7A9728}.Debug|Any CPU.Build.0 = Debug|Any CPU
		{443292D7-B8F7-42B1-BE68-E95D0C7A9728}.Debug|x64.ActiveCfg = Debug|Any CPU
		{443292D7-B8F7-42B1-BE68-E95D0C7A9728}.Debug|x64.Build.0 = Debug|Any CPU
		{443292D7-B8F7-42B1-BE68-E95D0C7A9728}.Debug|x86.ActiveCfg = Debug|Any CPU
		{443292D7-B8F7-42B1-BE68-E95D0C7A9728}.Debug|x86.Build.0 = Debug|Any CPU
		{443292D7-B8F7-42B1-BE68-E95D0C7A9728}.Release|Any CPU.ActiveCfg = Release|Any CPU
		{443292D7-B8F7-42B1-BE68-E95D0C7A9728}.Release|Any CPU.Build.0 = Release|Any CPU
		{443292D7-B8F7-42B1-BE68-E95D0C7A9728}.Release|x64.ActiveCfg = Release|Any CPU
		{443292D7-B8F7-42B1-BE68-E95D0C7A9728}.Release|x64.Build.0 = Release|Any CPU
		{443292D7-B8F7-42B1-BE68-E95D0C7A9728}.Release|x86.ActiveCfg = Release|Any CPU
		{443292D7-B8F7-42B1-BE68-E95D0C7A9728}.Release|x86.Build.0 = Release|Any CPU
	EndGlobalSection
	GlobalSection(SolutionProperties) = preSolution
		HideSolutionNode = FALSE
	EndGlobalSection
	GlobalSection(NestedProjects) = preSolution
		{BFF2DF6E-AA54-47C7-211F-79ACCBB4577C} = {827E0CD3-B72D-47B6-A68D-7590B98EB39B}
		{77F80860-861B-4CB0-B8BD-E9C6663E2D21} = {BFF2DF6E-AA54-47C7-211F-79ACCBB4577C}
		{0B641500-E034-CE15-ECBC-B99F017F2DED} = {827E0CD3-B72D-47B6-A68D-7590B98EB39B}
		{F676ABFC-95BF-2EAF-D88B-71FD1650A4A2} = {0B641500-E034-CE15-ECBC-B99F017F2DED}
		{203594CD-C495-4838-8FC6-A38BF94F3ED8} = {F676ABFC-95BF-2EAF-D88B-71FD1650A4A2}
		{9DD91019-004B-F375-49D4-89BC0A91B59B} = {827E0CD3-B72D-47B6-A68D-7590B98EB39B}
		{81B07085-2A0D-425E-AAC6-CD7E031F1534} = {9DD91019-004B-F375-49D4-89BC0A91B59B}
		{06BC3EED-F0DE-590E-1F20-A27240068F06} = {827E0CD3-B72D-47B6-A68D-7590B98EB39B}
		{3E4AF635-2379-466D-A908-D7F0F3B22049} = {06BC3EED-F0DE-590E-1F20-A27240068F06}
		{443292D7-B8F7-42B1-BE68-E95D0C7A9728} = {3E4AF635-2379-466D-A908-D7F0F3B22049}
	EndGlobalSection
EndGlobal
